// !$*UTF8*$!
{
	archiveVersion = 1;
	classes = {
	};
	objectVersion = 55;
	objects = {

/* Begin PBXBuildFile section */
		7D02D68A283CFD62E582E7FB /* Pods_RxCocoaDemo.framework in Frameworks */ = {isa = PBXBuildFile; fileRef = 92279410EC3FAC472FB670B3 /* Pods_RxCocoaDemo.framework */; };
		92D4F55527857C97003E90B6 /* AppDelegate.swift in Sources */ = {isa = PBXBuildFile; fileRef = 92D4F55427857C97003E90B6 /* AppDelegate.swift */; };
		92D4F55727857C97003E90B6 /* SceneDelegate.swift in Sources */ = {isa = PBXBuildFile; fileRef = 92D4F55627857C97003E90B6 /* SceneDelegate.swift */; };
		92D4F55927857C97003E90B6 /* LoginViewController.swift in Sources */ = {isa = PBXBuildFile; fileRef = 92D4F55827857C97003E90B6 /* LoginViewController.swift */; };
		92D4F55C27857C97003E90B6 /* Main.storyboard in Resources */ = {isa = PBXBuildFile; fileRef = 92D4F55A27857C97003E90B6 /* Main.storyboard */; };
		92D4F55E27857C98003E90B6 /* Assets.xcassets in Resources */ = {isa = PBXBuildFile; fileRef = 92D4F55D27857C98003E90B6 /* Assets.xcassets */; };
		92D4F56127857C98003E90B6 /* LaunchScreen.storyboard in Resources */ = {isa = PBXBuildFile; fileRef = 92D4F55F27857C98003E90B6 /* LaunchScreen.storyboard */; };
		92D4F56C27858248003E90B6 /* LoginView.swift in Sources */ = {isa = PBXBuildFile; fileRef = 92D4F56B27858248003E90B6 /* LoginView.swift */; };
/* End PBXBuildFile section */

/* Begin PBXFileReference section */
		4A1D7A5636656E83731899A0 /* Pods-RxCocoaDemo.release.xcconfig */ = {isa = PBXFileReference; includeInIndex = 1; lastKnownFileType = text.xcconfig; name = "Pods-RxCocoaDemo.release.xcconfig"; path = "Target Support Files/Pods-RxCocoaDemo/Pods-RxCocoaDemo.release.xcconfig"; sourceTree = "<group>"; };
		92279410EC3FAC472FB670B3 /* Pods_RxCocoaDemo.framework */ = {isa = PBXFileReference; explicitFileType = wrapper.framework; includeInIndex = 0; path = Pods_RxCocoaDemo.framework; sourceTree = BUILT_PRODUCTS_DIR; };
		92D4F55127857C97003E90B6 /* RxCocoaDemo.app */ = {isa = PBXFileReference; explicitFileType = wrapper.application; includeInIndex = 0; path = RxCocoaDemo.app; sourceTree = BUILT_PRODUCTS_DIR; };
		92D4F55427857C97003E90B6 /* AppDelegate.swift */ = {isa = PBXFileReference; lastKnownFileType = sourcecode.swift; path = AppDelegate.swift; sourceTree = "<group>"; };
		92D4F55627857C97003E90B6 /* SceneDelegate.swift */ = {isa = PBXFileReference; lastKnownFileType = sourcecode.swift; path = SceneDelegate.swift; sourceTree = "<group>"; };
		92D4F55827857C97003E90B6 /* LoginViewController.swift */ = {isa = PBXFileReference; lastKnownFileType = sourcecode.swift; path = LoginViewController.swift; sourceTree = "<group>"; };
		92D4F55B27857C97003E90B6 /* Base */ = {isa = PBXFileReference; lastKnownFileType = file.storyboard; name = Base; path = Base.lproj/Main.storyboard; sourceTree = "<group>"; };
		92D4F55D27857C98003E90B6 /* Assets.xcassets */ = {isa = PBXFileReference; lastKnownFileType = folder.assetcatalog; path = Assets.xcassets; sourceTree = "<group>"; };
		92D4F56027857C98003E90B6 /* Base */ = {isa = PBXFileReference; lastKnownFileType = file.storyboard; name = Base; path = Base.lproj/LaunchScreen.storyboard; sourceTree = "<group>"; };
		92D4F56227857C98003E90B6 /* Info.plist */ = {isa = PBXFileReference; lastKnownFileType = text.plist.xml; path = Info.plist; sourceTree = "<group>"; };
		92D4F56B27858248003E90B6 /* LoginView.swift */ = {isa = PBXFileReference; lastKnownFileType = sourcecode.swift; path = LoginView.swift; sourceTree = "<group>"; };
		EB095B6A260F6C2CB74CA5FF /* Pods-RxCocoaDemo.debug.xcconfig */ = {isa = PBXFileReference; includeInIndex = 1; lastKnownFileType = text.xcconfig; name = "Pods-RxCocoaDemo.debug.xcconfig"; path = "Target Support Files/Pods-RxCocoaDemo/Pods-RxCocoaDemo.debug.xcconfig"; sourceTree = "<group>"; };
/* End PBXFileReference section */

/* Begin PBXFrameworksBuildPhase section */
		92D4F54E27857C97003E90B6 /* Frameworks */ = {
			isa = PBXFrameworksBuildPhase;
			buildActionMask = 2147483647;
			files = (
				7D02D68A283CFD62E582E7FB /* Pods_RxCocoaDemo.framework in Frameworks */,
			);
			runOnlyForDeploymentPostprocessing = 0;
		};
/* End PBXFrameworksBuildPhase section */

/* Begin PBXGroup section */
		92D4F54827857C97003E90B6 = {
			isa = PBXGroup;
			children = (
				92D4F55327857C97003E90B6 /* RxCocoaDemo */,
				92D4F55227857C97003E90B6 /* Products */,
				DF6DCFBB14C7F40C100E3AF9 /* Pods */,
				ABF4F22FDE6145F35AB77994 /* Frameworks */,
			);
			sourceTree = "<group>";
		};
		92D4F55227857C97003E90B6 /* Products */ = {
			isa = PBXGroup;
			children = (
				92D4F55127857C97003E90B6 /* RxCocoaDemo.app */,
			);
			name = Products;
			sourceTree = "<group>";
		};
		92D4F55327857C97003E90B6 /* RxCocoaDemo */ = {
			isa = PBXGroup;
			children = (
				92D4F56227857C98003E90B6 /* Info.plist */,
				92D4F56827858187003E90B6 /* App */,
				92D4F56A278581A7003E90B6 /* Resources */,
				92D4F56927858192003E90B6 /* Sources */,
			);
			path = RxCocoaDemo;
			sourceTree = "<group>";
		};
		92D4F56827858187003E90B6 /* App */ = {
			isa = PBXGroup;
			children = (
				92D4F55427857C97003E90B6 /* AppDelegate.swift */,
				92D4F55627857C97003E90B6 /* SceneDelegate.swift */,
			);
			path = App;
			sourceTree = "<group>";
		};
		92D4F56927858192003E90B6 /* Sources */ = {
			isa = PBXGroup;
			children = (
				92D4F55827857C97003E90B6 /* LoginViewController.swift */,
				92D4F56B27858248003E90B6 /* LoginView.swift */,
			);
			path = Sources;
			sourceTree = "<group>";
		};
		92D4F56A278581A7003E90B6 /* Resources */ = {
			isa = PBXGroup;
			children = (
				92D4F55A27857C97003E90B6 /* Main.storyboard */,
				92D4F55D27857C98003E90B6 /* Assets.xcassets */,
				92D4F55F27857C98003E90B6 /* LaunchScreen.storyboard */,
			);
			path = Resources;
			sourceTree = "<group>";
		};
		ABF4F22FDE6145F35AB77994 /* Frameworks */ = {
			isa = PBXGroup;
			children = (
				92279410EC3FAC472FB670B3 /* Pods_RxCocoaDemo.framework */,
			);
			name = Frameworks;
			sourceTree = "<group>";
		};
		DF6DCFBB14C7F40C100E3AF9 /* Pods */ = {
			isa = PBXGroup;
			children = (
				EB095B6A260F6C2CB74CA5FF /* Pods-RxCocoaDemo.debug.xcconfig */,
				4A1D7A5636656E83731899A0 /* Pods-RxCocoaDemo.release.xcconfig */,
			);
			path = Pods;
			sourceTree = "<group>";
		};
/* End PBXGroup section */

/* Begin PBXNativeTarget section */
		92D4F55027857C97003E90B6 /* RxCocoaDemo */ = {
			isa = PBXNativeTarget;
			buildConfigurationList = 92D4F56527857C98003E90B6 /* Build configuration list for PBXNativeTarget "RxCocoaDemo" */;
			buildPhases = (
				907CC118939595982262F468 /* [CP] Check Pods Manifest.lock */,
				92D4F54D27857C97003E90B6 /* Sources */,
				92D4F54E27857C97003E90B6 /* Frameworks */,
				92D4F54F27857C97003E90B6 /* Resources */,
				D9AF2ABFFB004CB1C8E0ACDB /* [CP] Embed Pods Frameworks */,
			);
			buildRules = (
			);
			dependencies = (
			);
			name = RxCocoaDemo;
			productName = RxCocoaDemo;
			productReference = 92D4F55127857C97003E90B6 /* RxCocoaDemo.app */;
			productType = "com.apple.product-type.application";
		};
/* End PBXNativeTarget section */

/* Begin PBXProject section */
		92D4F54927857C97003E90B6 /* Project object */ = {
			isa = PBXProject;
			attributes = {
				BuildIndependentTargetsInParallel = 1;
				LastSwiftUpdateCheck = 1320;
				LastUpgradeCheck = 1320;
				TargetAttributes = {
					92D4F55027857C97003E90B6 = {
						CreatedOnToolsVersion = 13.2.1;
					};
				};
			};
			buildConfigurationList = 92D4F54C27857C97003E90B6 /* Build configuration list for PBXProject "RxCocoaDemo" */;
			compatibilityVersion = "Xcode 13.0";
			developmentRegion = en;
			hasScannedForEncodings = 0;
			knownRegions = (
				en,
				Base,
			);
			mainGroup = 92D4F54827857C97003E90B6;
			productRefGroup = 92D4F55227857C97003E90B6 /* Products */;
			projectDirPath = "";
			projectRoot = "";
			targets = (
				92D4F55027857C97003E90B6 /* RxCocoaDemo */,
			);
		};
/* End PBXProject section */

/* Begin PBXResourcesBuildPhase section */
		92D4F54F27857C97003E90B6 /* Resources */ = {
			isa = PBXResourcesBuildPhase;
			buildActionMask = 2147483647;
			files = (
				92D4F56127857C98003E90B6 /* LaunchScreen.storyboard in Resources */,
				92D4F55E27857C98003E90B6 /* Assets.xcassets in Resources */,
				92D4F55C27857C97003E90B6 /* Main.storyboard in Resources */,
			);
			runOnlyForDeploymentPostprocessing = 0;
		};
/* End PBXResourcesBuildPhase section */

/* Begin PBXShellScriptBuildPhase section */
		907CC118939595982262F468 /* [CP] Check Pods Manifest.lock */ = {
			isa = PBXShellScriptBuildPhase;
			buildActionMask = 2147483647;
			files = (
			);
			inputFileListPaths = (
			);
			inputPaths = (
				"${PODS_PODFILE_DIR_PATH}/Podfile.lock",
				"${PODS_ROOT}/Manifest.lock",
			);
			name = "[CP] Check Pods Manifest.lock";
			outputFileListPaths = (
			);
			outputPaths = (
				"$(DERIVED_FILE_DIR)/Pods-RxCocoaDemo-checkManifestLockResult.txt",
			);
			runOnlyForDeploymentPostprocessing = 0;
			shellPath = /bin/sh;
			shellScript = "diff \"${PODS_PODFILE_DIR_PATH}/Podfile.lock\" \"${PODS_ROOT}/Manifest.lock\" > /dev/null\nif [ $? != 0 ] ; then\n    # print error to STDERR\n    echo \"error: The sandbox is not in sync with the Podfile.lock. Run 'pod install' or update your CocoaPods installation.\" >&2\n    exit 1\nfi\n# This output is used by Xcode 'outputs' to avoid re-running this script phase.\necho \"SUCCESS\" > \"${SCRIPT_OUTPUT_FILE_0}\"\n";
			showEnvVarsInLog = 0;
		};
		D9AF2ABFFB004CB1C8E0ACDB /* [CP] Embed Pods Frameworks */ = {
			isa = PBXShellScriptBuildPhase;
			buildActionMask = 2147483647;
			files = (
			);
			inputFileListPaths = (
				"${PODS_ROOT}/Target Support Files/Pods-RxCocoaDemo/Pods-RxCocoaDemo-frameworks-${CONFIGURATION}-input-files.xcfilelist",
			);
			name = "[CP] Embed Pods Frameworks";
			outputFileListPaths = (
				"${PODS_ROOT}/Target Support Files/Pods-RxCocoaDemo/Pods-RxCocoaDemo-frameworks-${CONFIGURATION}-output-files.xcfilelist",
			);
			runOnlyForDeploymentPostprocessing = 0;
			shellPath = /bin/sh;
			shellScript = "\"${PODS_ROOT}/Target Support Files/Pods-RxCocoaDemo/Pods-RxCocoaDemo-frameworks.sh\"\n";
			showEnvVarsInLog = 0;
		};
/* End PBXShellScriptBuildPhase section */

/* Begin PBXSourcesBuildPhase section */
		92D4F54D27857C97003E90B6 /* Sources */ = {
			isa = PBXSourcesBuildPhase;
			buildActionMask = 2147483647;
			files = (
				92D4F55927857C97003E90B6 /* LoginViewController.swift in Sources */,
				92D4F55527857C97003E90B6 /* AppDelegate.swift in Sources */,
				92D4F56C27858248003E90B6 /* LoginView.swift in Sources */,
				92D4F55727857C97003E90B6 /* SceneDelegate.swift in Sources */,
			);
			runOnlyForDeploymentPostprocessing = 0;
		};
/* End PBXSourcesBuildPhase section */

/* Begin PBXVariantGroup section */
		92D4F55A27857C97003E90B6 /* Main.storyboard */ = {
			isa = PBXVariantGroup;
			children = (
				92D4F55B27857C97003E90B6 /* Base */,
			);
			name = Main.storyboard;
			sourceTree = "<group>";
		};
		92D4F55F27857C98003E90B6 /* LaunchScreen.storyboard */ = {
			isa = PBXVariantGroup;
			children = (
				92D4F56027857C98003E90B6 /* Base */,
			);
			name = LaunchScreen.storyboard;
			sourceTree = "<group>";
		};
/* End PBXVariantGroup section */

/* Begin XCBuildConfiguration section */
		92D4F56327857C98003E90B6 /* Debug */ = {
			isa = XCBuildConfiguration;
			buildSettings = {
				ALWAYS_SEARCH_USER_PATHS = NO;
				CLANG_ANALYZER_NONNULL = YES;
				CLANG_ANALYZER_NUMBER_OBJECT_CONVERSION = YES_AGGRESSIVE;
				CLANG_CXX_LANGUAGE_STANDARD = "gnu++17";
				CLANG_CXX_LIBRARY = "libc++";
				CLANG_ENABLE_MODULES = YES;
				CLANG_ENABLE_OBJC_ARC = YES;
				CLANG_ENABLE_OBJC_WEAK = YES;
				CLANG_WARN_BLOCK_CAPTURE_AUTORELEASING = YES;
				CLANG_WARN_BOOL_CONVERSION = YES;
				CLANG_WARN_COMMA = YES;
				CLANG_WARN_CONSTANT_CONVERSION = YES;
				CLANG_WARN_DEPRECATED_OBJC_IMPLEMENTATIONS = YES;
				CLANG_WARN_DIRECT_OBJC_ISA_USAGE = YES_ERROR;
				CLANG_WARN_DOCUMENTATION_COMMENTS = YES;
				CLANG_WARN_EMPTY_BODY = YES;
				CLANG_WARN_ENUM_CONVERSION = YES;
				CLANG_WARN_INFINITE_RECURSION = YES;
				CLANG_WARN_INT_CONVERSION = YES;
				CLANG_WARN_NON_LITERAL_NULL_CONVERSION = YES;
				CLANG_WARN_OBJC_IMPLICIT_RETAIN_SELF = YES;
				CLANG_WARN_OBJC_LITERAL_CONVERSION = YES;
				CLANG_WARN_OBJC_ROOT_CLASS = YES_ERROR;
				CLANG_WARN_QUOTED_INCLUDE_IN_FRAMEWORK_HEADER = YES;
				CLANG_WARN_RANGE_LOOP_ANALYSIS = YES;
				CLANG_WARN_STRICT_PROTOTYPES = YES;
				CLANG_WARN_SUSPICIOUS_MOVE = YES;
				CLANG_WARN_UNGUARDED_AVAILABILITY = YES_AGGRESSIVE;
				CLANG_WARN_UNREACHABLE_CODE = YES;
				CLANG_WARN__DUPLICATE_METHOD_MATCH = YES;
				COPY_PHASE_STRIP = NO;
				DEBUG_INFORMATION_FORMAT = dwarf;
				ENABLE_STRICT_OBJC_MSGSEND = YES;
				ENABLE_TESTABILITY = YES;
				GCC_C_LANGUAGE_STANDARD = gnu11;
				GCC_DYNAMIC_NO_PIC = NO;
				GCC_NO_COMMON_BLOCKS = YES;
				GCC_OPTIMIZATION_LEVEL = 0;
				GCC_PREPROCESSOR_DEFINITIONS = (
					"DEBUG=1",
					"$(inherited)",
				);
				GCC_WARN_64_TO_32_BIT_CONVERSION = YES;
				GCC_WARN_ABOUT_RETURN_TYPE = YES_ERROR;
				GCC_WARN_UNDECLARED_SELECTOR = YES;
				GCC_WARN_UNINITIALIZED_AUTOS = YES_AGGRESSIVE;
				GCC_WARN_UNUSED_FUNCTION = YES;
				GCC_WARN_UNUSED_VARIABLE = YES;
				IPHONEOS_DEPLOYMENT_TARGET = 15.2;
				MTL_ENABLE_DEBUG_INFO = INCLUDE_SOURCE;
				MTL_FAST_MATH = YES;
				ONLY_ACTIVE_ARCH = YES;
				SDKROOT = iphoneos;
				SWIFT_ACTIVE_COMPILATION_CONDITIONS = DEBUG;
				SWIFT_OPTIMIZATION_LEVEL = "-Onone";
			};
			name = Debug;
		};
		92D4F56427857C98003E90B6 /* Release */ = {
			isa = XCBuildConfiguration;
			buildSettings = {
				ALWAYS_SEARCH_USER_PATHS = NO;
				CLANG_ANALYZER_NONNULL = YES;
				CLANG_ANALYZER_NUMBER_OBJECT_CONVERSION = YES_AGGRESSIVE;
				CLANG_CXX_LANGUAGE_STANDARD = "gnu++17";
				CLANG_CXX_LIBRARY = "libc++";
				CLANG_ENABLE_MODULES = YES;
				CLANG_ENABLE_OBJC_ARC = YES;
				CLANG_ENABLE_OBJC_WEAK = YES;
				CLANG_WARN_BLOCK_CAPTURE_AUTORELEASING = YES;
				CLANG_WARN_BOOL_CONVERSION = YES;
				CLANG_WARN_COMMA = YES;
				CLANG_WARN_CONSTANT_CONVERSION = YES;
				CLANG_WARN_DEPRECATED_OBJC_IMPLEMENTATIONS = YES;
				CLANG_WARN_DIRECT_OBJC_ISA_USAGE = YES_ERROR;
				CLANG_WARN_DOCUMENTATION_COMMENTS = YES;
				CLANG_WARN_EMPTY_BODY = YES;
				CLANG_WARN_ENUM_CONVERSION = YES;
				CLANG_WARN_INFINITE_RECURSION = YES;
				CLANG_WARN_INT_CONVERSION = YES;
				CLANG_WARN_NON_LITERAL_NULL_CONVERSION = YES;
				CLANG_WARN_OBJC_IMPLICIT_RETAIN_SELF = YES;
				CLANG_WARN_OBJC_LITERAL_CONVERSION = YES;
				CLANG_WARN_OBJC_ROOT_CLASS = YES_ERROR;
				CLANG_WARN_QUOTED_INCLUDE_IN_FRAMEWORK_HEADER = YES;
				CLANG_WARN_RANGE_LOOP_ANALYSIS = YES;
				CLANG_WARN_STRICT_PROTOTYPES = YES;
				CLANG_WARN_SUSPICIOUS_MOVE = YES;
				CLANG_WARN_UNGUARDED_AVAILABILITY = YES_AGGRESSIVE;
				CLANG_WARN_UNREACHABLE_CODE = YES;
				CLANG_WARN__DUPLICATE_METHOD_MATCH = YES;
				COPY_PHASE_STRIP = NO;
				DEBUG_INFORMATION_FORMAT = "dwarf-with-dsym";
				ENABLE_NS_ASSERTIONS = NO;
				ENABLE_STRICT_OBJC_MSGSEND = YES;
				GCC_C_LANGUAGE_STANDARD = gnu11;
				GCC_NO_COMMON_BLOCKS = YES;
				GCC_WARN_64_TO_32_BIT_CONVERSION = YES;
				GCC_WARN_ABOUT_RETURN_TYPE = YES_ERROR;
				GCC_WARN_UNDECLARED_SELECTOR = YES;
				GCC_WARN_UNINITIALIZED_AUTOS = YES_AGGRESSIVE;
				GCC_WARN_UNUSED_FUNCTION = YES;
				GCC_WARN_UNUSED_VARIABLE = YES;
				IPHONEOS_DEPLOYMENT_TARGET = 15.2;
				MTL_ENABLE_DEBUG_INFO = NO;
				MTL_FAST_MATH = YES;
				SDKROOT = iphoneos;
				SWIFT_COMPILATION_MODE = wholemodule;
				SWIFT_OPTIMIZATION_LEVEL = "-O";
				VALIDATE_PRODUCT = YES;
			};
			name = Release;
		};
		92D4F56627857C98003E90B6 /* Debug */ = {
			isa = XCBuildConfiguration;
			baseConfigurationReference = EB095B6A260F6C2CB74CA5FF /* Pods-RxCocoaDemo.debug.xcconfig */;
			buildSettings = {
				ASSETCATALOG_COMPILER_APPICON_NAME = AppIcon;
				ASSETCATALOG_COMPILER_GLOBAL_ACCENT_COLOR_NAME = AccentColor;
				CODE_SIGN_STYLE = Automatic;
				CURRENT_PROJECT_VERSION = 1;
				DEVELOPMENT_TEAM = 4QG3GC35LA;
				GENERATE_INFOPLIST_FILE = YES;
				INFOPLIST_FILE = RxCocoaDemo/Info.plist;
				INFOPLIST_KEY_UIApplicationSupportsIndirectInputEvents = YES;
				INFOPLIST_KEY_UILaunchStoryboardName = LaunchScreen;
				INFOPLIST_KEY_UIMainStoryboardFile = Main;
				INFOPLIST_KEY_UISupportedInterfaceOrientations_iPad = "UIInterfaceOrientationPortrait UIInterfaceOrientationPortraitUpsideDown UIInterfaceOrientationLandscapeLeft UIInterfaceOrientationLandscapeRight";
				INFOPLIST_KEY_UISupportedInterfaceOrientations_iPhone = "UIInterfaceOrientationPortrait UIInterfaceOrientationLandscapeLeft UIInterfaceOrientationLandscapeRight";
				LD_RUNPATH_SEARCH_PATHS = (
					"$(inherited)",
					"@executable_path/Frameworks",
				);
				MARKETING_VERSION = 1.0;
				PRODUCT_BUNDLE_IDENTIFIER = soyeon.RxCocoaDemo;
				PRODUCT_NAME = "$(TARGET_NAME)";
				SWIFT_EMIT_LOC_STRINGS = YES;
				SWIFT_VERSION = 5.0;
				TARGETED_DEVICE_FAMILY = "1,2";
			};
			name = Debug;
		};
		92D4F56727857C98003E90B6 /* Release */ = {
			isa = XCBuildConfiguration;
			baseConfigurationReference = 4A1D7A5636656E83731899A0 /* Pods-RxCocoaDemo.release.xcconfig */;
			buildSettings = {
				ASSETCATALOG_COMPILER_APPICON_NAME = AppIcon;
				ASSETCATALOG_COMPILER_GLOBAL_ACCENT_COLOR_NAME = AccentColor;
				CODE_SIGN_STYLE = Automatic;
				CURRENT_PROJECT_VERSION = 1;
				DEVELOPMENT_TEAM = 4QG3GC35LA;
				GENERATE_INFOPLIST_FILE = YES;
				INFOPLIST_FILE = RxCocoaDemo/Info.plist;
				INFOPLIST_KEY_UIApplicationSupportsIndirectInputEvents = YES;
				INFOPLIST_KEY_UILaunchStoryboardName = LaunchScreen;
				INFOPLIST_KEY_UIMainStoryboardFile = Main;
				INFOPLIST_KEY_UISupportedInterfaceOrientations_iPad = "UIInterfaceOrientationPortrait UIInterfaceOrientationPortraitUpsideDown UIInterfaceOrientationLandscapeLeft UIInterfaceOrientationLandscapeRight";
				INFOPLIST_KEY_UISupportedInterfaceOrientations_iPhone = "UIInterfaceOrientationPortrait UIInterfaceOrientationLandscapeLeft UIInterfaceOrientationLandscapeRight";
				LD_RUNPATH_SEARCH_PATHS = (
					"$(inherited)",
					"@executable_path/Frameworks",
				);
				MARKETING_VERSION = 1.0;
				PRODUCT_BUNDLE_IDENTIFIER = soyeon.RxCocoaDemo;
				PRODUCT_NAME = "$(TARGET_NAME)";
				SWIFT_EMIT_LOC_STRINGS = YES;
				SWIFT_VERSION = 5.0;
				TARGETED_DEVICE_FAMILY = "1,2";
			};
			name = Release;
		};
/* End XCBuildConfiguration section */

/* Begin XCConfigurationList section */
		92D4F54C27857C97003E90B6 /* Build configuration list for PBXProject "RxCocoaDemo" */ = {
			isa = XCConfigurationList;
			buildConfigurations = (
				92D4F56327857C98003E90B6 /* Debug */,
				92D4F56427857C98003E90B6 /* Release */,
			);
			defaultConfigurationIsVisible = 0;
			defaultConfigurationName = Release;
		};
		92D4F56527857C98003E90B6 /* Build configuration list for PBXNativeTarget "RxCocoaDemo" */ = {
			isa = XCConfigurationList;
			buildConfigurations = (
				92D4F56627857C98003E90B6 /* Debug */,
				92D4F56727857C98003E90B6 /* Release */,
			);
			defaultConfigurationIsVisible = 0;
			defaultConfigurationName = Release;
		};
/* End XCConfigurationList section */
	};
	rootObject = 92D4F54927857C97003E90B6 /* Project object */;
}
